// !$*UTF8*$!
{
	archiveVersion = 1;
	classes = {
	};
	objectVersion = 77;
	objects = {

/* Begin PBXBuildFile section */
		129DE1B98B1B1D590978EC1B /* PersonalAgentHostVisualRegressionTests.swift in Sources */ = {isa = PBXBuildFile; fileRef = 4DB185A68B0DF89EF442E250 /* PersonalAgentHostVisualRegressionTests.swift */; };
		1C7E61E94546BEEB8855A51E /* PersonalAgentHostUITests.swift in Sources */ = {isa = PBXBuildFile; fileRef = 19AA2D0D11D55D628C799995 /* PersonalAgentHostUITests.swift */; };
		6527359B03611E851B1BF164 /* PersonalAgentUI in Frameworks */ = {isa = PBXBuildFile; productRef = 4257D6F8B045E5D8177E1BE3 /* PersonalAgentUI */; };
		8A517024D836F36E866C9428 /* PersonalAgentHostApp.swift in Sources */ = {isa = PBXBuildFile; fileRef = 3C96451C90301A6EA6740E5F /* PersonalAgentHostApp.swift */; };
		9D89D40132D7C6855188E3F4 /* Assets.xcassets in Resources */ = {isa = PBXBuildFile; fileRef = 3734029F18456DFEC56D6D45 /* Assets.xcassets */; };
		EFC69ED95BE3BDC42D84B1B0 /* VisualSnapshotAssert.swift in Sources */ = {isa = PBXBuildFile; fileRef = C3CF105E58B864F9CD8F565D /* VisualSnapshotAssert.swift */; };
/* End PBXBuildFile section */

/* Begin PBXContainerItemProxy section */
		E5877DC55F636631697F9E46 /* PBXContainerItemProxy */ = {
			isa = PBXContainerItemProxy;
			containerPortal = 7E03C3ADD2B2F55A9F387398 /* Project object */;
			proxyType = 1;
			remoteGlobalIDString = 9399CDA3D4EB02BBFA090A3C;
			remoteInfo = PersonalAgent;
		};
/* End PBXContainerItemProxy section */

/* Begin PBXFileReference section */
		19AA2D0D11D55D628C799995 /* PersonalAgentHostUITests.swift */ = {isa = PBXFileReference; lastKnownFileType = sourcecode.swift; path = PersonalAgentHostUITests.swift; sourceTree = "<group>"; };
		2E97EF3DF874D603AD083B87 /* PersonalAgentHostUITests.xctest */ = {isa = PBXFileReference; explicitFileType = wrapper.cfbundle; includeInIndex = 0; path = PersonalAgentHostUITests.xctest; sourceTree = BUILT_PRODUCTS_DIR; };
		3734029F18456DFEC56D6D45 /* Assets.xcassets */ = {isa = PBXFileReference; lastKnownFileType = folder.assetcatalog; path = Assets.xcassets; sourceTree = "<group>"; };
		3C96451C90301A6EA6740E5F /* PersonalAgentHostApp.swift */ = {isa = PBXFileReference; lastKnownFileType = sourcecode.swift; path = PersonalAgentHostApp.swift; sourceTree = "<group>"; };
		4DB185A68B0DF89EF442E250 /* PersonalAgentHostVisualRegressionTests.swift */ = {isa = PBXFileReference; lastKnownFileType = sourcecode.swift; path = PersonalAgentHostVisualRegressionTests.swift; sourceTree = "<group>"; };
		5DA14C77B85C07DE9AFDA2EE /* PersonalAgent.app */ = {isa = PBXFileReference; explicitFileType = wrapper.application; includeInIndex = 0; path = PersonalAgent.app; sourceTree = BUILT_PRODUCTS_DIR; };
		5F6DE3AA2324E635DB26E968 /* PersonalAgentUI */ = {isa = PBXFileReference; lastKnownFileType = folder; name = PersonalAgentUI; path = Packages/PersonalAgentUI; sourceTree = SOURCE_ROOT; };
		C3CF105E58B864F9CD8F565D /* VisualSnapshotAssert.swift */ = {isa = PBXFileReference; lastKnownFileType = sourcecode.swift; path = VisualSnapshotAssert.swift; sourceTree = "<group>"; };
/* End PBXFileReference section */

/* Begin PBXFrameworksBuildPhase section */
		26415475558F6C8A66DE1900 /* Frameworks */ = {
			isa = PBXFrameworksBuildPhase;
			buildActionMask = 2147483647;
			files = (
				6527359B03611E851B1BF164 /* PersonalAgentUI in Frameworks */,
			);
			runOnlyForDeploymentPostprocessing = 0;
		};
/* End PBXFrameworksBuildPhase section */

/* Begin PBXGroup section */
		455FF9A5FE9CD53E18C1A3B7 /* Packages */ = {
			isa = PBXGroup;
			children = (
				5F6DE3AA2324E635DB26E968 /* PersonalAgentUI */,
			);
			path = Packages;
			sourceTree = "<group>";
		};
		4A0B657B0F6A1AEFEF8E0D56 /* Products */ = {
			isa = PBXGroup;
			children = (
				5DA14C77B85C07DE9AFDA2EE /* PersonalAgent.app */,
				2E97EF3DF874D603AD083B87 /* PersonalAgentHostUITests.xctest */,
			);
			name = Products;
			sourceTree = "<group>";
		};
		A1E527EF8B3CA3796BB036A5 /* Resources */ = {
			isa = PBXGroup;
			children = (
				3734029F18456DFEC56D6D45 /* Assets.xcassets */,
			);
			name = Resources;
			path = AppHost/Resources;
			sourceTree = "<group>";
		};
		A204019E923375427DC101B2 /* AppHostUITests */ = {
			isa = PBXGroup;
			children = (
				19AA2D0D11D55D628C799995 /* PersonalAgentHostUITests.swift */,
				4DB185A68B0DF89EF442E250 /* PersonalAgentHostVisualRegressionTests.swift */,
				C3CF105E58B864F9CD8F565D /* VisualSnapshotAssert.swift */,
			);
			path = AppHostUITests;
			sourceTree = "<group>";
		};
		E420CC02BAAC4F04FF6D7CC9 = {
			isa = PBXGroup;
			children = (
				A204019E923375427DC101B2 /* AppHostUITests */,
				455FF9A5FE9CD53E18C1A3B7 /* Packages */,
				A1E527EF8B3CA3796BB036A5 /* Resources */,
				EB55D9FB11A5A6DFCE78C97A /* Sources */,
				4A0B657B0F6A1AEFEF8E0D56 /* Products */,
			);
			sourceTree = "<group>";
		};
		EB55D9FB11A5A6DFCE78C97A /* Sources */ = {
			isa = PBXGroup;
			children = (
				3C96451C90301A6EA6740E5F /* PersonalAgentHostApp.swift */,
			);
			name = Sources;
			path = AppHost/Sources;
			sourceTree = "<group>";
		};
/* End PBXGroup section */

/* Begin PBXNativeTarget section */
		9399CDA3D4EB02BBFA090A3C /* PersonalAgent */ = {
			isa = PBXNativeTarget;
			buildConfigurationList = CBB813C4C98D739F2EC10B1C /* Build configuration list for PBXNativeTarget "PersonalAgent" */;
			buildPhases = (
				3E2CD4826C1ED95FD93AFA05 /* Sources */,
				4FF7C7C1CF0EB273492A3ADC /* Resources */,
				26415475558F6C8A66DE1900 /* Frameworks */,
			);
			buildRules = (
			);
			dependencies = (
			);
			name = PersonalAgent;
			packageProductDependencies = (
				4257D6F8B045E5D8177E1BE3 /* PersonalAgentUI */,
			);
			productName = PersonalAgent;
			productReference = 5DA14C77B85C07DE9AFDA2EE /* PersonalAgent.app */;
			productType = "com.apple.product-type.application";
		};
		A796F06982BAF740466F754C /* PersonalAgentHostUITests */ = {
			isa = PBXNativeTarget;
			buildConfigurationList = 3CFF4C2A5AB2E781BA6498B9 /* Build configuration list for PBXNativeTarget "PersonalAgentHostUITests" */;
			buildPhases = (
				F57F6C836E7E5C789B631318 /* Sources */,
			);
			buildRules = (
			);
			dependencies = (
				351E896019F4FDC62871A870 /* PBXTargetDependency */,
			);
			name = PersonalAgentHostUITests;
			packageProductDependencies = (
			);
			productName = PersonalAgentHostUITests;
			productReference = 2E97EF3DF874D603AD083B87 /* PersonalAgentHostUITests.xctest */;
			productType = "com.apple.product-type.bundle.ui-testing";
		};
/* End PBXNativeTarget section */

/* Begin PBXProject section */
		7E03C3ADD2B2F55A9F387398 /* Project object */ = {
			isa = PBXProject;
			attributes = {
				BuildIndependentTargetsInParallel = YES;
				LastUpgradeCheck = 1430;
				TargetAttributes = {
					A796F06982BAF740466F754C = {
						TestTargetID = 9399CDA3D4EB02BBFA090A3C;
					};
				};
			};
			buildConfigurationList = 6BCD8DB5EBBD3810E0033DB8 /* Build configuration list for PBXProject "PersonalAgent" */;
			compatibilityVersion = "Xcode 14.0";
			developmentRegion = en;
			hasScannedForEncodings = 0;
			knownRegions = (
				Base,
				en,
			);
			mainGroup = E420CC02BAAC4F04FF6D7CC9;
			minimizedProjectReferenceProxies = 1;
			packageReferences = (
				521AB700E102126D9DA080AE /* XCLocalSwiftPackageReference "Packages/PersonalAgentUI" */,
			);
			preferredProjectObjectVersion = 77;
			projectDirPath = "";
			projectRoot = "";
			targets = (
				9399CDA3D4EB02BBFA090A3C /* PersonalAgent */,
				A796F06982BAF740466F754C /* PersonalAgentHostUITests */,
			);
		};
/* End PBXProject section */

/* Begin PBXResourcesBuildPhase section */
		4FF7C7C1CF0EB273492A3ADC /* Resources */ = {
			isa = PBXResourcesBuildPhase;
			buildActionMask = 2147483647;
			files = (
				9D89D40132D7C6855188E3F4 /* Assets.xcassets in Resources */,
			);
			runOnlyForDeploymentPostprocessing = 0;
		};
/* End PBXResourcesBuildPhase section */

/* Begin PBXSourcesBuildPhase section */
		3E2CD4826C1ED95FD93AFA05 /* Sources */ = {
			isa = PBXSourcesBuildPhase;
			buildActionMask = 2147483647;
			files = (
				8A517024D836F36E866C9428 /* PersonalAgentHostApp.swift in Sources */,
			);
			runOnlyForDeploymentPostprocessing = 0;
		};
		F57F6C836E7E5C789B631318 /* Sources */ = {
			isa = PBXSourcesBuildPhase;
			buildActionMask = 2147483647;
			files = (
				1C7E61E94546BEEB8855A51E /* PersonalAgentHostUITests.swift in Sources */,
				129DE1B98B1B1D590978EC1B /* PersonalAgentHostVisualRegressionTests.swift in Sources */,
				EFC69ED95BE3BDC42D84B1B0 /* VisualSnapshotAssert.swift in Sources */,
			);
			runOnlyForDeploymentPostprocessing = 0;
		};
/* End PBXSourcesBuildPhase section */

/* Begin PBXTargetDependency section */
		351E896019F4FDC62871A870 /* PBXTargetDependency */ = {
			isa = PBXTargetDependency;
			target = 9399CDA3D4EB02BBFA090A3C /* PersonalAgent */;
			targetProxy = E5877DC55F636631697F9E46 /* PBXContainerItemProxy */;
		};
/* End PBXTargetDependency section */

/* Begin XCBuildConfiguration section */
		13EBDDF74536D029C8CB57BB /* Release */ = {
			isa = XCBuildConfiguration;
			buildSettings = {
				ASSETCATALOG_COMPILER_APPICON_NAME = AppIcon;
				CODE_SIGNING_ALLOWED = NO;
				COMBINE_HIDPI_IMAGES = YES;
				GENERATE_INFOPLIST_FILE = YES;
				INFOPLIST_KEY_CFBundleDisplayName = "Personal Agent";
				LD_RUNPATH_SEARCH_PATHS = (
					"$(inherited)",
					"@executable_path/../Frameworks",
				);
				MACOSX_DEPLOYMENT_TARGET = 14.0;
				PRODUCT_BUNDLE_IDENTIFIER = com.personalagent.app;
				PRODUCT_NAME = PersonalAgent;
				SDKROOT = macosx;
			};
			name = Release;
		};
		361C5D136487EFAD23E1A911 /* Release */ = {
			isa = XCBuildConfiguration;
			buildSettings = {
				ALWAYS_SEARCH_USER_PATHS = NO;
				CLANG_ANALYZER_NONNULL = YES;
				CLANG_ANALYZER_NUMBER_OBJECT_CONVERSION = YES_AGGRESSIVE;
				CLANG_CXX_LANGUAGE_STANDARD = "gnu++14";
				CLANG_CXX_LIBRARY = "libc++";
				CLANG_ENABLE_MODULES = YES;
				CLANG_ENABLE_OBJC_ARC = YES;
				CLANG_ENABLE_OBJC_WEAK = YES;
				CLANG_WARN_BLOCK_CAPTURE_AUTORELEASING = YES;
				CLANG_WARN_BOOL_CONVERSION = YES;
				CLANG_WARN_COMMA = YES;
				CLANG_WARN_CONSTANT_CONVERSION = YES;
				CLANG_WARN_DEPRECATED_OBJC_IMPLEMENTATIONS = YES;
				CLANG_WARN_DIRECT_OBJC_ISA_USAGE = YES_ERROR;
				CLANG_WARN_DOCUMENTATION_COMMENTS = YES;
				CLANG_WARN_EMPTY_BODY = YES;
				CLANG_WARN_ENUM_CONVERSION = YES;
				CLANG_WARN_INFINITE_RECURSION = YES;
				CLANG_WARN_INT_CONVERSION = YES;
				CLANG_WARN_NON_LITERAL_NULL_CONVERSION = YES;
				CLANG_WARN_OBJC_IMPLICIT_RETAIN_SELF = YES;
				CLANG_WARN_OBJC_LITERAL_CONVERSION = YES;
				CLANG_WARN_OBJC_ROOT_CLASS = YES_ERROR;
				CLANG_WARN_QUOTED_INCLUDE_IN_FRAMEWORK_HEADER = YES;
				CLANG_WARN_RANGE_LOOP_ANALYSIS = YES;
				CLANG_WARN_STRICT_PROTOTYPES = YES;
				CLANG_WARN_SUSPICIOUS_MOVE = YES;
				CLANG_WARN_UNGUARDED_AVAILABILITY = YES_AGGRESSIVE;
				CLANG_WARN_UNREACHABLE_CODE = YES;
				CLANG_WARN__DUPLICATE_METHOD_MATCH = YES;
				COPY_PHASE_STRIP = NO;
				DEBUG_INFORMATION_FORMAT = "dwarf-with-dsym";
				ENABLE_NS_ASSERTIONS = NO;
				ENABLE_STRICT_OBJC_MSGSEND = YES;
				GCC_C_LANGUAGE_STANDARD = gnu11;
				GCC_NO_COMMON_BLOCKS = YES;
				GCC_WARN_64_TO_32_BIT_CONVERSION = YES;
				GCC_WARN_ABOUT_RETURN_TYPE = YES_ERROR;
				GCC_WARN_UNDECLARED_SELECTOR = YES;
				GCC_WARN_UNINITIALIZED_AUTOS = YES_AGGRESSIVE;
				GCC_WARN_UNUSED_FUNCTION = YES;
				GCC_WARN_UNUSED_VARIABLE = YES;
				MACOSX_DEPLOYMENT_TARGET = 14.0;
				MTL_ENABLE_DEBUG_INFO = NO;
				MTL_FAST_MATH = YES;
				PRODUCT_NAME = "$(TARGET_NAME)";
				SDKROOT = macosx;
				SWIFT_COMPILATION_MODE = wholemodule;
				SWIFT_OPTIMIZATION_LEVEL = "-O";
				SWIFT_VERSION = 6.0;
			};
			name = Release;
		};
		6F118379356C90E840F7A0AF /* Debug */ = {
			isa = XCBuildConfiguration;
			buildSettings = {
				ALWAYS_SEARCH_USER_PATHS = NO;
				CLANG_ANALYZER_NONNULL = YES;
				CLANG_ANALYZER_NUMBER_OBJECT_CONVERSION = YES_AGGRESSIVE;
				CLANG_CXX_LANGUAGE_STANDARD = "gnu++14";
				CLANG_CXX_LIBRARY = "libc++";
				CLANG_ENABLE_MODULES = YES;
				CLANG_ENABLE_OBJC_ARC = YES;
				CLANG_ENABLE_OBJC_WEAK = YES;
				CLANG_WARN_BLOCK_CAPTURE_AUTORELEASING = YES;
				CLANG_WARN_BOOL_CONVERSION = YES;
				CLANG_WARN_COMMA = YES;
				CLANG_WARN_CONSTANT_CONVERSION = YES;
				CLANG_WARN_DEPRECATED_OBJC_IMPLEMENTATIONS = YES;
				CLANG_WARN_DIRECT_OBJC_ISA_USAGE = YES_ERROR;
				CLANG_WARN_DOCUMENTATION_COMMENTS = YES;
				CLANG_WARN_EMPTY_BODY = YES;
				CLANG_WARN_ENUM_CONVERSION = YES;
				CLANG_WARN_INFINITE_RECURSION = YES;
				CLANG_WARN_INT_CONVERSION = YES;
				CLANG_WARN_NON_LITERAL_NULL_CONVERSION = YES;
				CLANG_WARN_OBJC_IMPLICIT_RETAIN_SELF = YES;
				CLANG_WARN_OBJC_LITERAL_CONVERSION = YES;
				CLANG_WARN_OBJC_ROOT_CLASS = YES_ERROR;
				CLANG_WARN_QUOTED_INCLUDE_IN_FRAMEWORK_HEADER = YES;
				CLANG_WARN_RANGE_LOOP_ANALYSIS = YES;
				CLANG_WARN_STRICT_PROTOTYPES = YES;
				CLANG_WARN_SUSPICIOUS_MOVE = YES;
				CLANG_WARN_UNGUARDED_AVAILABILITY = YES_AGGRESSIVE;
				CLANG_WARN_UNREACHABLE_CODE = YES;
				CLANG_WARN__DUPLICATE_METHOD_MATCH = YES;
				COPY_PHASE_STRIP = NO;
				DEBUG_INFORMATION_FORMAT = dwarf;
				ENABLE_STRICT_OBJC_MSGSEND = YES;
				ENABLE_TESTABILITY = YES;
				GCC_C_LANGUAGE_STANDARD = gnu11;
				GCC_DYNAMIC_NO_PIC = NO;
				GCC_NO_COMMON_BLOCKS = YES;
				GCC_OPTIMIZATION_LEVEL = 0;
				GCC_PREPROCESSOR_DEFINITIONS = (
					"$(inherited)",
					"DEBUG=1",
				);
				GCC_WARN_64_TO_32_BIT_CONVERSION = YES;
				GCC_WARN_ABOUT_RETURN_TYPE = YES_ERROR;
				GCC_WARN_UNDECLARED_SELECTOR = YES;
				GCC_WARN_UNINITIALIZED_AUTOS = YES_AGGRESSIVE;
				GCC_WARN_UNUSED_FUNCTION = YES;
				GCC_WARN_UNUSED_VARIABLE = YES;
				MACOSX_DEPLOYMENT_TARGET = 14.0;
				MTL_ENABLE_DEBUG_INFO = INCLUDE_SOURCE;
				MTL_FAST_MATH = YES;
				ONLY_ACTIVE_ARCH = YES;
				PRODUCT_NAME = "$(TARGET_NAME)";
				SDKROOT = macosx;
				SWIFT_ACTIVE_COMPILATION_CONDITIONS = DEBUG;
				SWIFT_OPTIMIZATION_LEVEL = "-Onone";
				SWIFT_VERSION = 6.0;
			};
			name = Debug;
		};
		8BD5FED8EB8BB7C2DB520BE2 /* Release */ = {
			isa = XCBuildConfiguration;
			buildSettings = {
				BUNDLE_LOADER = "$(TEST_HOST)";
				CODE_SIGNING_ALLOWED = NO;
				COMBINE_HIDPI_IMAGES = YES;
				GENERATE_INFOPLIST_FILE = YES;
				LD_RUNPATH_SEARCH_PATHS = (
					"$(inherited)",
					"@executable_path/Frameworks",
					"@loader_path/Frameworks",
				);
				MACOSX_DEPLOYMENT_TARGET = 14.0;
				PRODUCT_BUNDLE_IDENTIFIER = "com.personalagent.app.host-uitests";
				SDKROOT = macosx;
				TEST_TARGET_NAME = PersonalAgent;
			};
			name = Release;
		};
		9D60B5B6B8A5D910AFF44F50 /* Debug */ = {
			isa = XCBuildConfiguration;
			buildSettings = {
				BUNDLE_LOADER = "$(TEST_HOST)";
				CODE_SIGNING_ALLOWED = NO;
				COMBINE_HIDPI_IMAGES = YES;
				GENERATE_INFOPLIST_FILE = YES;
				LD_RUNPATH_SEARCH_PATHS = (
					"$(inherited)",
					"@executable_path/Frameworks",
					"@loader_path/Frameworks",
				);
				MACOSX_DEPLOYMENT_TARGET = 14.0;
				PRODUCT_BUNDLE_IDENTIFIER = "com.personalagent.app.host-uitests";
				SDKROOT = macosx;
				TEST_TARGET_NAME = PersonalAgent;
			};
			name = Debug;
		};
		A94F71C44B470DBE506AC7EB /* Debug */ = {
			isa = XCBuildConfiguration;
			buildSettings = {
				ASSETCATALOG_COMPILER_APPICON_NAME = AppIcon;
				CODE_SIGNING_ALLOWED = NO;
				COMBINE_HIDPI_IMAGES = YES;
				GENERATE_INFOPLIST_FILE = YES;
				INFOPLIST_KEY_CFBundleDisplayName = "Personal Agent";
				LD_RUNPATH_SEARCH_PATHS = (
					"$(inherited)",
					"@executable_path/../Frameworks",
				);
				MACOSX_DEPLOYMENT_TARGET = 14.0;
				PRODUCT_BUNDLE_IDENTIFIER = com.personalagent.app;
				PRODUCT_NAME = PersonalAgent;
				SDKROOT = macosx;
			};
			name = Debug;
		};
/* End XCBuildConfiguration section */

/* Begin XCConfigurationList section */
		3CFF4C2A5AB2E781BA6498B9 /* Build configuration list for PBXNativeTarget "PersonalAgentHostUITests" */ = {
			isa = XCConfigurationList;
			buildConfigurations = (
				9D60B5B6B8A5D910AFF44F50 /* Debug */,
				8BD5FED8EB8BB7C2DB520BE2 /* Release */,
			);
			defaultConfigurationIsVisible = 0;
			defaultConfigurationName = Debug;
		};
		6BCD8DB5EBBD3810E0033DB8 /* Build configuration list for PBXProject "PersonalAgent" */ = {
			isa = XCConfigurationList;
			buildConfigurations = (
				6F118379356C90E840F7A0AF /* Debug */,
				361C5D136487EFAD23E1A911 /* Release */,
			);
			defaultConfigurationIsVisible = 0;
			defaultConfigurationName = Debug;
		};
		CBB813C4C98D739F2EC10B1C /* Build configuration list for PBXNativeTarget "PersonalAgent" */ = {
			isa = XCConfigurationList;
			buildConfigurations = (
				A94F71C44B470DBE506AC7EB /* Debug */,
				13EBDDF74536D029C8CB57BB /* Release */,
			);
			defaultConfigurationIsVisible = 0;
			defaultConfigurationName = Debug;
		};
/* End XCConfigurationList section */

/* Begin XCLocalSwiftPackageReference section */
		521AB700E102126D9DA080AE /* XCLocalSwiftPackageReference "Packages/PersonalAgentUI" */ = {
			isa = XCLocalSwiftPackageReference;
			relativePath = Packages/PersonalAgentUI;
		};
/* End XCLocalSwiftPackageReference section */

/* Begin XCSwiftPackageProductDependency section */
		4257D6F8B045E5D8177E1BE3 /* PersonalAgentUI */ = {
			isa = XCSwiftPackageProductDependency;
			productName = PersonalAgentUI;
		};
/* End XCSwiftPackageProductDependency section */
	};
	rootObject = 7E03C3ADD2B2F55A9F387398 /* Project object */;
}
